
Microsoft Visual Studio Solution File, Format Version 12.00
# Visual Studio Version 17
VisualStudioVersion = 17.0.31903.59
MinimumVisualStudioVersion = 10.0.40219.1
Project("{FAE04EC0-301F-11D3-BF4B-00C04F79EFBC}") = "RubBotApi", "RubBotApi\RubBotApi.csproj", "{B4C42CD1-79EE-405F-BF64-CB14BC68F17E}"
EndProject
Project("{FAE04EC0-301F-11D3-BF4B-00C04F79EFBC}") = "RubBot.Tests", "RubBot.Tests\RubBot.Tests.csproj", "{077BB5E3-2F40-40CD-A202-64686A9E27F8}"
EndProject
Global
	GlobalSection(SolutionConfigurationPlatforms) = preSolution
		Debug|Any CPU = Debug|Any CPU
		Release|Any CPU = Release|Any CPU
	EndGlobalSection
	GlobalSection(SolutionProperties) = preSolution
		HideSolutionNode = FALSE
	EndGlobalSection
	GlobalSection(ProjectConfigurationPlatforms) = postSolution
		{B4C42CD1-79EE-405F-BF64-CB14BC68F17E}.Debug|Any CPU.ActiveCfg = Debug|Any CPU
		{B4C42CD1-79EE-405F-BF64-CB14BC68F17E}.Debug|Any CPU.Build.0 = Debug|Any CPU
		{B4C42CD1-79EE-405F-BF64-CB14BC68F17E}.Release|Any CPU.ActiveCfg = Release|Any CPU
		{B4C42CD1-79EE-405F-BF64-CB14BC68F17E}.Release|Any CPU.Build.0 = Release|Any CPU
		{077BB5E3-2F40-40CD-A202-64686A9E27F8}.Debug|Any CPU.ActiveCfg = Debug|Any CPU
		{077BB5E3-2F40-40CD-A202-64686A9E27F8}.Debug|Any CPU.Build.0 = Debug|Any CPU
		{077BB5E3-2F40-40CD-A202-64686A9E27F8}.Release|Any CPU.ActiveCfg = Release|Any CPU
		{077BB5E3-2F40-40CD-A202-64686A9E27F8}.Release|Any CPU.Build.0 = Release|Any CPU
	EndGlobalSection
EndGlobal
